
Microsoft Visual Studio Solution File, Format Version 12.00
# Visual Studio 15
VisualStudioVersion = 15.0.27703.2035
MinimumVisualStudioVersion = 10.0.40219.1
Project("{8BC9CEB8-8B4A-11D0-8D11-00A0C91BC942}") = "ParserTesting", "ParserTesting\ParserTesting.vcxproj", "{05E0A31F-122C-4193-83DE-7444E546EE61}"
EndProject
Global
	GlobalSection(SolutionConfigurationPlatforms) = preSolution
		Debug|x64 = Debug|x64
		Release|x64 = Release|x64
	EndGlobalSection
	GlobalSection(ProjectConfigurationPlatforms) = postSolution
		{05E0A31F-122C-4193-83DE-7444E546EE61}.Debug|x64.ActiveCfg = Debug|x64
		{05E0A31F-122C-4193-83DE-7444E546EE61}.Debug|x64.Build.0 = Debug|x64
		{05E0A31F-122C-4193-83DE-7444E546EE61}.Release|x64.ActiveCfg = Debug|x64
		{05E0A31F-122C-4193-83DE-7444E546EE61}.Release|x64.Build.0 = Debug|x64
	EndGlobalSection
	GlobalSection(SolutionProperties) = preSolution
		HideSolutionNode = FALSE
	EndGlobalSection
	GlobalSection(ExtensibilityGlobals) = postSolution
		SolutionGuid = {AFC2E741-FDCA-49FB-8CA4-4FEA3BFA5B71}
	EndGlobalSection
EndGlobal
